lockfileVersion: 5.4

specifiers:
  buefy: ^0.9.23
  element-plus: ^2.3.6

dependencies:
  buefy: registry.npmmirror.com/buefy/0.9.23
  element-plus: registry.npmmirror.com/element-plus/2.3.6

packages:

  registry.npmmirror.com/@ctrl/tinycolor/3.6.0:
    resolution: {integrity: sha512-/Z3l6pXthq0JvMYdUFyX9j0MaCltlIn6mfh9jLyQwg5aPKxkyNa0PTHtU1AlFXLNk55ZuAeJRcpvq+tmLfKmaQ==, registry: https://registry.npm.taobao.org/, tarball: https://registry.npmmirror.com/@ctrl/tinycolor/-/tinycolor-3.6.0.tgz}
    name: '@ctrl/tinycolor'
    version: 3.6.0
    engines: {node: '>=10'}
    dev: false

  registry.npmmirror.com/@element-plus/icons-vue/2.1.0:
    resolution: {integrity: sha512-PSBn3elNoanENc1vnCfh+3WA9fimRC7n+fWkf3rE5jvv+aBohNHABC/KAR5KWPecxWxDTVT1ERpRbOMRcOV/vA==, registry: https://registry.npm.taobao.org/, tarball: https://registry.npmmirror.com/@element-plus/icons-vue/-/icons-vue-2.1.0.tgz}
    name: '@element-plus/icons-vue'
    version: 2.1.0
    peerDependencies:
      vue: ^3.2.0
    dev: false

  registry.npmmirror.com/@floating-ui/core/1.3.0:
    resolution: {integrity: sha512-vX1WVAdPjZg9DkDkC+zEx/tKtnST6/qcNpwcjeBgco3XRNHz5PUA+ivi/yr6G3o0kMR60uKBJcfOdfzOFI7PMQ==, registry: https://registry.npm.taobao.org/, tarball: https://registry.npmmirror.com/@floating-ui/core/-/core-1.3.0.tgz}
    name: '@floating-ui/core'
    version: 1.3.0
    dev: false

  registry.npmmirror.com/@floating-ui/dom/1.3.0:
    resolution: {integrity: sha512-qIAwejE3r6NeA107u4ELDKkH8+VtgRKdXqtSPaKflL2S2V+doyN+Wt9s5oHKXPDo4E8TaVXaHT3+6BbagH31xw==, registry: https://registry.npm.taobao.org/, tarball: https://registry.npmmirror.com/@floating-ui/dom/-/dom-1.3.0.tgz}
    name: '@floating-ui/dom'
    version: 1.3.0
    dependencies:
      '@floating-ui/core': registry.npmmirror.com/@floating-ui/core/1.3.0
    dev: false

  registry.npmmirror.com/@sxzz/popperjs-es/2.11.7:
    resolution: {integrity: sha512-Ccy0NlLkzr0Ex2FKvh2X+OyERHXJ88XJ1MXtsI9y9fGexlaXaVTPzBCRBwIxFkORuOb+uBqeu+RqnpgYTEZRUQ==, registry: https://registry.npm.taobao.org/, tarball: https://registry.npmmirror.com/@sxzz/popperjs-es/-/popperjs-es-2.11.7.tgz}
    name: '@sxzz/popperjs-es'
    version: 2.11.7
    dev: false

  registry.npmmirror.com/@types/lodash-es/4.17.7:
    resolution: {integrity: sha512-z0ptr6UI10VlU6l5MYhGwS4mC8DZyYer2mCoyysZtSF7p26zOX8UpbrV0YpNYLGS8K4PUFIyEr62IMFFjveSiQ==, registry: https://registry.npm.taobao.org/, tarball: https://registry.npmmirror.com/@types/lodash-es/-/lodash-es-4.17.7.tgz}
    name: '@types/lodash-es'
    version: 4.17.7
    dependencies:
      '@types/lodash': registry.npmmirror.com/@types/lodash/4.14.195
    dev: false

  registry.npmmirror.com/@types/lodash/4.14.195:
    resolution: {integrity: sha512-Hwx9EUgdwf2GLarOjQp5ZH8ZmblzcbTBC2wtQWNKARBSxM9ezRIAUpeDTgoQRAFB0+8CNWXVA9+MaSOzOF3nPg==, registry: https://registry.npm.taobao.org/, tarball: https://registry.npmmirror.com/@types/lodash/-/lodash-4.14.195.tgz}
    name: '@types/lodash'
    version: 4.14.195
    dev: false

  registry.npmmirror.com/@types/web-bluetooth/0.0.16:
    resolution: {integrity: sha512-oh8q2Zc32S6gd/j50GowEjKLoOVOwHP/bWVjKJInBwQqdOYMdPrf1oVlelTlyfFK3CKxL1uahMDAr+vy8T7yMQ==, registry: https://registry.npm.taobao.org/, tarball: https://registry.npmmirror.com/@types/web-bluetooth/-/web-bluetooth-0.0.16.tgz}
    name: '@types/web-bluetooth'
    version: 0.0.16
    dev: false

  registry.npmmirror.com/@vueuse/core/9.13.0:
    resolution: {integrity: sha512-pujnclbeHWxxPRqXWmdkKV5OX4Wk4YeK7wusHqRwU0Q7EFusHoqNA/aPhB6KCh9hEqJkLAJo7bb0Lh9b+OIVzw==, registry: https://registry.npm.taobao.org/, tarball: https://registry.npmmirror.com/@vueuse/core/-/core-9.13.0.tgz}
    name: '@vueuse/core'
    version: 9.13.0
    dependencies:
      '@types/web-bluetooth': registry.npmmirror.com/@types/web-bluetooth/0.0.16
      '@vueuse/metadata': registry.npmmirror.com/@vueuse/metadata/9.13.0
      '@vueuse/shared': registry.npmmirror.com/@vueuse/shared/9.13.0
      vue-demi: registry.npmmirror.com/vue-demi/0.14.5
    transitivePeerDependencies:
      - '@vue/composition-api'
      - vue
    dev: false

  registry.npmmirror.com/@vueuse/metadata/9.13.0:
    resolution: {integrity: sha512-gdU7TKNAUVlXXLbaF+ZCfte8BjRJQWPCa2J55+7/h+yDtzw3vOoGQDRXzI6pyKyo6bXFT5/QoPE4hAknExjRLQ==, registry: https://registry.npm.taobao.org/, tarball: https://registry.npmmirror.com/@vueuse/metadata/-/metadata-9.13.0.tgz}
    name: '@vueuse/metadata'
    version: 9.13.0
    dev: false

  registry.npmmirror.com/@vueuse/shared/9.13.0:
    resolution: {integrity: sha512-UrnhU+Cnufu4S6JLCPZnkWh0WwZGUp72ktOF2DFptMlOs3TOdVv8xJN53zhHGARmVOsz5KqOls09+J1NR6sBKw==, registry: https://registry.npm.taobao.org/, tarball: https://registry.npmmirror.com/@vueuse/shared/-/shared-9.13.0.tgz}
    name: '@vueuse/shared'
    version: 9.13.0
    dependencies:
      vue-demi: registry.npmmirror.com/vue-demi/0.14.5
    transitivePeerDependencies:
      - '@vue/composition-api'
      - vue
    dev: false

  registry.npmmirror.com/async-validator/4.2.5:
    resolution: {integrity: sha512-7HhHjtERjqlNbZtqNqy2rckN/SpOOlmDliet+lP7k+eKZEjPk3DgyeU9lIXLdeLz0uBbbVp+9Qdow9wJWgwwfg==, registry: https://registry.npm.taobao.org/, tarball: https://registry.npmmirror.com/async-validator/-/async-validator-4.2.5.tgz}
    name: async-validator
    version: 4.2.5
    dev: false

  registry.npmmirror.com/buefy/0.9.23:
    resolution: {integrity: sha512-zkmTOUDlh7xx0ID8cSw3Wtm97nkTGU992TcIBBTC41rjKHjJTyQn9fYr8oqvVaCTLNVJmdPnnjDCuYZtHoDEog==, registry: https://registry.npm.taobao.org/, tarball: https://registry.npmmirror.com/buefy/-/buefy-0.9.23.tgz}
    name: buefy
    version: 0.9.23
    engines: {node: '>= 4.0.0', npm: '>= 3.0.0'}
    peerDependencies:
      vue: ^2.6.11
    dependencies:
      bulma: registry.npmmirror.com/bulma/0.9.4
    dev: false

  registry.npmmirror.com/bulma/0.9.4:
    resolution: {integrity: sha512-86FlT5+1GrsgKbPLRRY7cGDg8fsJiP/jzTqXXVqiUZZ2aZT8uemEOHlU1CDU+TxklPEZ11HZNNWclRBBecP4CQ==, registry: https://registry.npm.taobao.org/, tarball: https://registry.npmmirror.com/bulma/-/bulma-0.9.4.tgz}
    name: bulma
    version: 0.9.4
    dev: false

  registry.npmmirror.com/dayjs/1.11.8:
    resolution: {integrity: sha512-LcgxzFoWMEPO7ggRv1Y2N31hUf2R0Vj7fuy/m+Bg1K8rr+KAs1AEy4y9jd5DXe8pbHgX+srkHNS7TH6Q6ZhYeQ==, registry: https://registry.npm.taobao.org/, tarball: https://registry.npmmirror.com/dayjs/-/dayjs-1.11.8.tgz}
    name: dayjs
    version: 1.11.8
    dev: false

  registry.npmmirror.com/element-plus/2.3.6:
    resolution: {integrity: sha512-GLz0pXUYI2zRfIgyI6W7SWmHk6dSEikP9yR++hsQUyy63+WjutoiGpA3SZD4cGPSXUzRFeKfVr8CnYhK5LqXZw==, registry: https://registry.npm.taobao.org/, tarball: https://registry.npmmirror.com/element-plus/-/element-plus-2.3.6.tgz}
    name: element-plus
    version: 2.3.6
    peerDependencies:
      vue: ^3.2.0
    dependencies:
      '@ctrl/tinycolor': registry.npmmirror.com/@ctrl/tinycolor/3.6.0
      '@element-plus/icons-vue': registry.npmmirror.com/@element-plus/icons-vue/2.1.0
      '@floating-ui/dom': registry.npmmirror.com/@floating-ui/dom/1.3.0
      '@popperjs/core': registry.npmmirror.com/@sxzz/popperjs-es/2.11.7
      '@types/lodash': registry.npmmirror.com/@types/lodash/4.14.195
      '@types/lodash-es': registry.npmmirror.com/@types/lodash-es/4.17.7
      '@vueuse/core': registry.npmmirror.com/@vueuse/core/9.13.0
      async-validator: registry.npmmirror.com/async-validator/4.2.5
      dayjs: registry.npmmirror.com/dayjs/1.11.8
      escape-html: registry.npmmirror.com/escape-html/1.0.3
      lodash: registry.npmmirror.com/lodash/4.17.21
      lodash-es: registry.npmmirror.com/lodash-es/4.17.21
      lodash-unified: registry.npmmirror.com/lodash-unified/1.0.3_tknf7errc3xdqocd3ryzzla7vq
      memoize-one: registry.npmmirror.com/memoize-one/6.0.0
      normalize-wheel-es: registry.npmmirror.com/normalize-wheel-es/1.2.0
    transitivePeerDependencies:
      - '@vue/composition-api'
    dev: false

  registry.npmmirror.com/escape-html/1.0.3:
    resolution: {integrity: sha512-NiSupZ4OeuGwr68lGIeym/ksIZMJodUGOSCZ/FSnTxcrekbvqrgdUxlJOMpijaKZVjAJrWrGs/6Jy8OMuyj9ow==, registry: https://registry.npm.taobao.org/, tarball: https://registry.npmmirror.com/escape-html/-/escape-html-1.0.3.tgz}
    name: escape-html
    version: 1.0.3
    dev: false

  registry.npmmirror.com/lodash-es/4.17.21:
    resolution: {integrity: sha512-mKnC+QJ9pWVzv+C4/U3rRsHapFfHvQFoFB92e52xeyGMcX6/OlIl78je1u8vePzYZSkkogMPJ2yjxxsb89cxyw==, registry: https://registry.npm.taobao.org/, tarball: https://registry.npmmirror.com/lodash-es/-/lodash-es-4.17.21.tgz}
    name: lodash-es
    version: 4.17.21
    dev: false

  registry.npmmirror.com/lodash-unified/1.0.3_tknf7errc3xdqocd3ryzzla7vq:
    resolution: {integrity: sha512-WK9qSozxXOD7ZJQlpSqOT+om2ZfcT4yO+03FuzAHD0wF6S0l0090LRPDx3vhTTLZ8cFKpBn+IOcVXK6qOcIlfQ==, registry: https://registry.npm.taobao.org/, tarball: https://registry.npmmirror.com/lodash-unified/-/lodash-unified-1.0.3.tgz}
    id: registry.npmmirror.com/lodash-unified/1.0.3
    name: lodash-unified
    version: 1.0.3
    peerDependencies:
      '@types/lodash-es': '*'
      lodash: '*'
      lodash-es: '*'
    dependencies:
      '@types/lodash-es': registry.npmmirror.com/@types/lodash-es/4.17.7
      lodash: registry.npmmirror.com/lodash/4.17.21
      lodash-es: registry.npmmirror.com/lodash-es/4.17.21
    dev: false

  registry.npmmirror.com/lodash/4.17.21:
    resolution: {integrity: sha512-v2kDEe57lecTulaDIuNTPy3Ry4gLGJ6Z1O3vE1krgXZNrsQ+LFTGHVxVjcXPs17LhbZVGedAJv8XZ1tvj5FvSg==, registry: https://registry.npm.taobao.org/, tarball: https://registry.npmmirror.com/lodash/-/lodash-4.17.21.tgz}
    name: lodash
    version: 4.17.21
    dev: false

  registry.npmmirror.com/memoize-one/6.0.0:
    resolution: {integrity: sha512-rkpe71W0N0c0Xz6QD0eJETuWAJGnJ9afsl1srmwPrI+yBCkge5EycXXbYRyvL29zZVUWQCY7InPRCv3GDXuZNw==, registry: https://registry.npm.taobao.org/, tarball: https://registry.npmmirror.com/memoize-one/-/memoize-one-6.0.0.tgz}
    name: memoize-one
    version: 6.0.0
    dev: false

  registry.npmmirror.com/normalize-wheel-es/1.2.0:
    resolution: {integrity: sha512-Wj7+EJQ8mSuXr2iWfnujrimU35R2W4FAErEyTmJoJ7ucwTn2hOUSsRehMb5RSYkxXGTM7Y9QpvPmp++w5ftoJw==, registry: https://registry.npm.taobao.org/, tarball: https://registry.npmmirror.com/normalize-wheel-es/-/normalize-wheel-es-1.2.0.tgz}
    name: normalize-wheel-es
    version: 1.2.0
    dev: false

  registry.npmmirror.com/vue-demi/0.14.5:
    resolution: {integrity: sha512-o9NUVpl/YlsGJ7t+xuqJKx8EBGf1quRhCiT6D/J0pfwmk9zUwYkC7yrF4SZCe6fETvSM3UNL2edcbYrSyc4QHA==, registry: https://registry.npm.taobao.org/, tarball: https://registry.npmmirror.com/vue-demi/-/vue-demi-0.14.5.tgz}
    name: vue-demi
    version: 0.14.5
    engines: {node: '>=12'}
    hasBin: true
    requiresBuild: true
    peerDependencies:
      '@vue/composition-api': ^1.0.0-rc.1
      vue: ^3.0.0-0 || ^2.6.0
    peerDependenciesMeta:
      '@vue/composition-api':
        optional: true
    dev: false
